
Microsoft Visual Studio Solution File, Format Version 12.00
# Visual Studio 15
VisualStudioVersion = 15.0.26124.0
MinimumVisualStudioVersion = 15.0.26124.0
Project("{FAE04EC0-301F-11D3-BF4B-00C04F79EFBC}") = "QuickBuy.Dominio", "QuickBuy.Dominio\QuickBuy.Dominio.csproj", "{89B1CD73-EA1F-48B2-9A7A-248A5116F657}"
EndProject
Project("{FAE04EC0-301F-11D3-BF4B-00C04F79EFBC}") = "QuickBuy.Repositorio", "QuickBuy.Repositorio\QuickBuy.Repositorio.csproj", "{1A73C37F-8E89-4C52-B5B8-9BEA3D43EFA0}"
EndProject
Project("{FAE04EC0-301F-11D3-BF4B-00C04F79EFBC}") = "QuickBuy.web", "QuickBuy.web\QuickBuy.web.csproj", "{3DF8145F-68C2-486B-9E28-AAA321A73637}"
EndProject
Global
	GlobalSection(SolutionConfigurationPlatforms) = preSolution
		Debug|Any CPU = Debug|Any CPU
		Debug|x64 = Debug|x64
		Debug|x86 = Debug|x86
		Release|Any CPU = Release|Any CPU
		Release|x64 = Release|x64
		Release|x86 = Release|x86
	EndGlobalSection
	GlobalSection(SolutionProperties) = preSolution
		HideSolutionNode = FALSE
	EndGlobalSection
	GlobalSection(ProjectConfigurationPlatforms) = postSolution
		{89B1CD73-EA1F-48B2-9A7A-248A5116F657}.Debug|Any CPU.ActiveCfg = Debug|Any CPU
		{89B1CD73-EA1F-48B2-9A7A-248A5116F657}.Debug|Any CPU.Build.0 = Debug|Any CPU
		{89B1CD73-EA1F-48B2-9A7A-248A5116F657}.Debug|x64.ActiveCfg = Debug|Any CPU
		{89B1CD73-EA1F-48B2-9A7A-248A5116F657}.Debug|x64.Build.0 = Debug|Any CPU
		{89B1CD73-EA1F-48B2-9A7A-248A5116F657}.Debug|x86.ActiveCfg = Debug|Any CPU
		{89B1CD73-EA1F-48B2-9A7A-248A5116F657}.Debug|x86.Build.0 = Debug|Any CPU
		{89B1CD73-EA1F-48B2-9A7A-248A5116F657}.Release|Any CPU.ActiveCfg = Release|Any CPU
		{89B1CD73-EA1F-48B2-9A7A-248A5116F657}.Release|Any CPU.Build.0 = Release|Any CPU
		{89B1CD73-EA1F-48B2-9A7A-248A5116F657}.Release|x64.ActiveCfg = Release|Any CPU
		{89B1CD73-EA1F-48B2-9A7A-248A5116F657}.Release|x64.Build.0 = Release|Any CPU
		{89B1CD73-EA1F-48B2-9A7A-248A5116F657}.Release|x86.ActiveCfg = Release|Any CPU
		{89B1CD73-EA1F-48B2-9A7A-248A5116F657}.Release|x86.Build.0 = Release|Any CPU
		{1A73C37F-8E89-4C52-B5B8-9BEA3D43EFA0}.Debug|Any CPU.ActiveCfg = Debug|Any CPU
		{1A73C37F-8E89-4C52-B5B8-9BEA3D43EFA0}.Debug|Any CPU.Build.0 = Debug|Any CPU
		{1A73C37F-8E89-4C52-B5B8-9BEA3D43EFA0}.Debug|x64.ActiveCfg = Debug|Any CPU
		{1A73C37F-8E89-4C52-B5B8-9BEA3D43EFA0}.Debug|x64.Build.0 = Debug|Any CPU
		{1A73C37F-8E89-4C52-B5B8-9BEA3D43EFA0}.Debug|x86.ActiveCfg = Debug|Any CPU
		{1A73C37F-8E89-4C52-B5B8-9BEA3D43EFA0}.Debug|x86.Build.0 = Debug|Any CPU
		{1A73C37F-8E89-4C52-B5B8-9BEA3D43EFA0}.Release|Any CPU.ActiveCfg = Release|Any CPU
		{1A73C37F-8E89-4C52-B5B8-9BEA3D43EFA0}.Release|Any CPU.Build.0 = Release|Any CPU
		{1A73C37F-8E89-4C52-B5B8-9BEA3D43EFA0}.Release|x64.ActiveCfg = Release|Any CPU
		{1A73C37F-8E89-4C52-B5B8-9BEA3D43EFA0}.Release|x64.Build.0 = Release|Any CPU
		{1A73C37F-8E89-4C52-B5B8-9BEA3D43EFA0}.Release|x86.ActiveCfg = Release|Any CPU
		{1A73C37F-8E89-4C52-B5B8-9BEA3D43EFA0}.Release|x86.Build.0 = Release|Any CPU
		{3DF8145F-68C2-486B-9E28-AAA321A73637}.Debug|Any CPU.ActiveCfg = Debug|Any CPU
		{3DF8145F-68C2-486B-9E28-AAA321A73637}.Debug|Any CPU.Build.0 = Debug|Any CPU
		{3DF8145F-68C2-486B-9E28-AAA321A73637}.Debug|x64.ActiveCfg = Debug|Any CPU
		{3DF8145F-68C2-486B-9E28-AAA321A73637}.Debug|x64.Build.0 = Debug|Any CPU
		{3DF8145F-68C2-486B-9E28-AAA321A73637}.Debug|x86.ActiveCfg = Debug|Any CPU
		{3DF8145F-68C2-486B-9E28-AAA321A73637}.Debug|x86.Build.0 = Debug|Any CPU
		{3DF8145F-68C2-486B-9E28-AAA321A73637}.Release|Any CPU.ActiveCfg = Release|Any CPU
		{3DF8145F-68C2-486B-9E28-AAA321A73637}.Release|Any CPU.Build.0 = Release|Any CPU
		{3DF8145F-68C2-486B-9E28-AAA321A73637}.Release|x64.ActiveCfg = Release|Any CPU
		{3DF8145F-68C2-486B-9E28-AAA321A73637}.Release|x64.Build.0 = Release|Any CPU
		{3DF8145F-68C2-486B-9E28-AAA321A73637}.Release|x86.ActiveCfg = Release|Any CPU
		{3DF8145F-68C2-486B-9E28-AAA321A73637}.Release|x86.Build.0 = Release|Any CPU
	EndGlobalSection
EndGlobal
